github.com/hieronimusbudi/go-bookstore-utils v0.0.0-20201115012854-27c71126b5a1 h1:uCJM3IGTrsHmU0H5VNhINk/18tEy+h03vHrW+puYMpQ=
github.com/hieronimusbudi/go-bookstore-utils v0.0.0-20201115012854-27c71126b5a1/go.mod h1:w2U+sFg2+9GGbH1Omc3wE8B/QK0UAGU20OhlnoKRJ7o=
github.com/hieronimusbudi/go-bookstore-utils v1.0.0 h1:hUes13ZFSB7VxSogOXis5xbhxwrDXuNOcJKZh1DkdNc=
github.com/hieronimusbudi/go-bookstore-utils v1.0.0/go.mod h1:w2U+sFg2+9GGbH1Omc3wE8B/QK0UAGU20OhlnoKRJ7o=
